
Microsoft Visual Studio Solution File, Format Version 12.00
# Visual Studio 15
VisualStudioVersion = 15.0.27703.2035
MinimumVisualStudioVersion = 10.0.40219.1
Project("{FAE04EC0-301F-11D3-BF4B-00C04F79EFBC}") = "Vidly-app", "Vidly-app\Vidly-app.csproj", "{E4FAD956-8D37-4D78-8719-383FB88229B5}"
EndProject
Global
	GlobalSection(SolutionConfigurationPlatforms) = preSolution
		Debug|Any CPU = Debug|Any CPU
		Release|Any CPU = Release|Any CPU
	EndGlobalSection
	GlobalSection(ProjectConfigurationPlatforms) = postSolution
		{E4FAD956-8D37-4D78-8719-383FB88229B5}.Debug|Any CPU.ActiveCfg = Debug|Any CPU
		{E4FAD956-8D37-4D78-8719-383FB88229B5}.Debug|Any CPU.Build.0 = Debug|Any CPU
		{E4FAD956-8D37-4D78-8719-383FB88229B5}.Release|Any CPU.ActiveCfg = Release|Any CPU
		{E4FAD956-8D37-4D78-8719-383FB88229B5}.Release|Any CPU.Build.0 = Release|Any CPU
	EndGlobalSection
	GlobalSection(SolutionProperties) = preSolution
		HideSolutionNode = FALSE
	EndGlobalSection
	GlobalSection(ExtensibilityGlobals) = postSolution
		SolutionGuid = {EF75C53B-B3D3-44FE-AC0B-E97D75FBAC89}
	EndGlobalSection
EndGlobal
